
Microsoft Visual Studio Solution File, Format Version 12.00
# Visual Studio Version 16
VisualStudioVersion = 16.0.28803.202
MinimumVisualStudioVersion = 10.0.40219.1
Project("{FAE04EC0-301F-11D3-BF4B-00C04F79EFBC}") = "EventHubHandler", "EventHubHandler\EventHubHandler.csproj", "{FB623ABF-8BD2-4500-B40D-2BB4C481C723}"
EndProject
Project("{FAE04EC0-301F-11D3-BF4B-00C04F79EFBC}") = "EventReceiver", "EventReceiver\EventReceiver.csproj", "{8723942D-A0E7-47BA-82F3-3D87A6B3FBC7}"
EndProject
Project("{FAE04EC0-301F-11D3-BF4B-00C04F79EFBC}") = "EventModel", "EventModel\EventModel.csproj", "{6D144AF7-25F3-498D-9204-7DF3DB2A4550}"
EndProject
Global
	GlobalSection(SolutionConfigurationPlatforms) = preSolution
		Debug|Any CPU = Debug|Any CPU
		Release|Any CPU = Release|Any CPU
	EndGlobalSection
	GlobalSection(ProjectConfigurationPlatforms) = postSolution
		{FB623ABF-8BD2-4500-B40D-2BB4C481C723}.Debug|Any CPU.ActiveCfg = Debug|Any CPU
		{FB623ABF-8BD2-4500-B40D-2BB4C481C723}.Debug|Any CPU.Build.0 = Debug|Any CPU
		{FB623ABF-8BD2-4500-B40D-2BB4C481C723}.Release|Any CPU.ActiveCfg = Release|Any CPU
		{FB623ABF-8BD2-4500-B40D-2BB4C481C723}.Release|Any CPU.Build.0 = Release|Any CPU
		{8723942D-A0E7-47BA-82F3-3D87A6B3FBC7}.Debug|Any CPU.ActiveCfg = Debug|Any CPU
		{8723942D-A0E7-47BA-82F3-3D87A6B3FBC7}.Debug|Any CPU.Build.0 = Debug|Any CPU
		{8723942D-A0E7-47BA-82F3-3D87A6B3FBC7}.Release|Any CPU.ActiveCfg = Release|Any CPU
		{8723942D-A0E7-47BA-82F3-3D87A6B3FBC7}.Release|Any CPU.Build.0 = Release|Any CPU
		{6D144AF7-25F3-498D-9204-7DF3DB2A4550}.Debug|Any CPU.ActiveCfg = Debug|Any CPU
		{6D144AF7-25F3-498D-9204-7DF3DB2A4550}.Debug|Any CPU.Build.0 = Debug|Any CPU
		{6D144AF7-25F3-498D-9204-7DF3DB2A4550}.Release|Any CPU.ActiveCfg = Release|Any CPU
		{6D144AF7-25F3-498D-9204-7DF3DB2A4550}.Release|Any CPU.Build.0 = Release|Any CPU
	EndGlobalSection
	GlobalSection(SolutionProperties) = preSolution
		HideSolutionNode = FALSE
	EndGlobalSection
	GlobalSection(ExtensibilityGlobals) = postSolution
		SolutionGuid = {149E9A7E-4DCC-48EF-B85B-72E032BA21FA}
	EndGlobalSection
EndGlobal
